
Microsoft Visual Studio Solution File, Format Version 12.00
# Visual Studio 2015
Project("{FAE04EC0-301F-11D3-BF4B-00C04F79EFBC}") = "INDIE.CSharp.Plugins", "INDIE.CSharp.Plugins.csproj", "{7E52A8CD-0395-F598-A223-E2BE83C4873F}"
EndProject
Project("{FAE04EC0-301F-11D3-BF4B-00C04F79EFBC}") = "INDIE.CSharp", "INDIE.CSharp.csproj", "{AF2C73DB-BE1C-3B80-86EA-27DE45F42335}"
EndProject
Project("{FAE04EC0-301F-11D3-BF4B-00C04F79EFBC}") = "INDIE.CSharp.Editor", "INDIE.CSharp.Editor.csproj", "{88448669-196A-FE78-2409-C7847DEFEA6D}"
EndProject
Global
	GlobalSection(SolutionConfigurationPlatforms) = preSolution
		Debug|Any CPU = Debug|Any CPU
		Release|Any CPU = Release|Any CPU
	EndGlobalSection
	GlobalSection(ProjectConfigurationPlatforms) = postSolution
		{7E52A8CD-0395-F598-A223-E2BE83C4873F}.Debug|Any CPU.ActiveCfg = Debug|Any CPU
		{7E52A8CD-0395-F598-A223-E2BE83C4873F}.Debug|Any CPU.Build.0 = Debug|Any CPU
		{7E52A8CD-0395-F598-A223-E2BE83C4873F}.Release|Any CPU.ActiveCfg = Release|Any CPU
		{7E52A8CD-0395-F598-A223-E2BE83C4873F}.Release|Any CPU.Build.0 = Release|Any CPU
		{AF2C73DB-BE1C-3B80-86EA-27DE45F42335}.Debug|Any CPU.ActiveCfg = Debug|Any CPU
		{AF2C73DB-BE1C-3B80-86EA-27DE45F42335}.Debug|Any CPU.Build.0 = Debug|Any CPU
		{AF2C73DB-BE1C-3B80-86EA-27DE45F42335}.Release|Any CPU.ActiveCfg = Release|Any CPU
		{AF2C73DB-BE1C-3B80-86EA-27DE45F42335}.Release|Any CPU.Build.0 = Release|Any CPU
		{88448669-196A-FE78-2409-C7847DEFEA6D}.Debug|Any CPU.ActiveCfg = Debug|Any CPU
		{88448669-196A-FE78-2409-C7847DEFEA6D}.Debug|Any CPU.Build.0 = Debug|Any CPU
		{88448669-196A-FE78-2409-C7847DEFEA6D}.Release|Any CPU.ActiveCfg = Release|Any CPU
		{88448669-196A-FE78-2409-C7847DEFEA6D}.Release|Any CPU.Build.0 = Release|Any CPU
	EndGlobalSection
	GlobalSection(SolutionProperties) = preSolution
		HideSolutionNode = FALSE
	EndGlobalSection
EndGlobal
